// !$*UTF8*$!
{
	archiveVersion = 1;
	classes = {
	};
	objectVersion = 50;
	objects = {

/* Begin PBXBuildFile section */
		4AC4CA8D26B25D1300340A00 /* LegalinApp.swift in Sources */ = {isa = PBXBuildFile; fileRef = 4AC4CA8C26B25D1300340A00 /* LegalinApp.swift */; };
		4AC4CA8F26B25D1300340A00 /* ContentView.swift in Sources */ = {isa = PBXBuildFile; fileRef = 4AC4CA8E26B25D1300340A00 /* ContentView.swift */; };
		4AC4CA9126B25D1300340A00 /* Assets.xcassets in Resources */ = {isa = PBXBuildFile; fileRef = 4AC4CA9026B25D1300340A00 /* Assets.xcassets */; };
		4AC4CA9426B25D1300340A00 /* Preview Assets.xcassets in Resources */ = {isa = PBXBuildFile; fileRef = 4AC4CA9326B25D1300340A00 /* Preview Assets.xcassets */; };
		4AC4CAA226B25D6900340A00 /* CoreData.swift in Sources */ = {isa = PBXBuildFile; fileRef = 4AC4CAA126B25D6900340A00 /* CoreData.swift */; };
		4AC4CAA626B25D7A00340A00 /* ViewModelExample.swift in Sources */ = {isa = PBXBuildFile; fileRef = 4AC4CAA526B25D7A00340A00 /* ViewModelExample.swift */; };
		4AC4CAAA26B25D9100340A00 /* Fitur1.swift in Sources */ = {isa = PBXBuildFile; fileRef = 4AC4CAA926B25D9100340A00 /* Fitur1.swift */; };
		4AC4CAAE26B25DA000340A00 /* Model.swift in Sources */ = {isa = PBXBuildFile; fileRef = 4AC4CAAD26B25DA000340A00 /* Model.swift */; };
		5E27EEF126BA56880090573F /* pageIndicator.swift in Sources */ = {isa = PBXBuildFile; fileRef = 5E27EEF026BA56880090573F /* pageIndicator.swift */; };
		5E27EEF526BA8ADA0090573F /* step1Peminjam.swift in Sources */ = {isa = PBXBuildFile; fileRef = 5E27EEF426BA8ADA0090573F /* step1Peminjam.swift */; };
		5E27EEF826BA8B990090573F /* ButtonNext.swift in Sources */ = {isa = PBXBuildFile; fileRef = 5E27EEF726BA8B990090573F /* ButtonNext.swift */; };
		5E27EEFB26BA8E3B0090573F /* step2Pemberi.swift in Sources */ = {isa = PBXBuildFile; fileRef = 5E27EEFA26BA8E3B0090573F /* step2Pemberi.swift */; };
		5E27EEFF26BA8E530090573F /* step3Detail.swift in Sources */ = {isa = PBXBuildFile; fileRef = 5E27EEFE26BA8E530090573F /* step3Detail.swift */; };
		5E35F36B26B801C30044D1FC /* ModalMetodePembayaran.swift in Sources */ = {isa = PBXBuildFile; fileRef = 5E35F36A26B801C30044D1FC /* ModalMetodePembayaran.swift */; };
		5E35F36E26B832F50044D1FC /* PinjamanCell.swift in Sources */ = {isa = PBXBuildFile; fileRef = 5E35F36D26B832F50044D1FC /* PinjamanCell.swift */; };
		5E35F37126B833F20044D1FC /* ModalTipeBarangAgunan.swift in Sources */ = {isa = PBXBuildFile; fileRef = 5E35F37026B833F20044D1FC /* ModalTipeBarangAgunan.swift */; };
		5E35F37426B834CD0044D1FC /* ModalPengadilanNegeri.swift in Sources */ = {isa = PBXBuildFile; fileRef = 5E35F37326B834CD0044D1FC /* ModalPengadilanNegeri.swift */; };
		5E35F37726B83BDC0044D1FC /* regions.json in Resources */ = {isa = PBXBuildFile; fileRef = 5E35F37626B83BDC0044D1FC /* regions.json */; };
		5E35F37B26B83E2E0044D1FC /* RegionDataModel.swift in Sources */ = {isa = PBXBuildFile; fileRef = 5E35F37A26B83E2E0044D1FC /* RegionDataModel.swift */; };
		5E35F37F26B844450044D1FC /* ReadJsonData.swift in Sources */ = {isa = PBXBuildFile; fileRef = 5E35F37E26B844450044D1FC /* ReadJsonData.swift */; };
		5E5D23FD26B985FF00FC356E /* pengadilanNegeriDetailViewController.swift in Sources */ = {isa = PBXBuildFile; fileRef = 5E5D23FC26B985FF00FC356E /* pengadilanNegeriDetailViewController.swift */; };
		5E8578AD26B90BC30019FB61 /* ModalPengadilanNegeriDetail.swift in Sources */ = {isa = PBXBuildFile; fileRef = 5E8578AC26B90BC30019FB61 /* ModalPengadilanNegeriDetail.swift */; };
		5E8578B026B945480019FB61 /* pinjamanCellStateController.swift in Sources */ = {isa = PBXBuildFile; fileRef = 5E8578AF26B945480019FB61 /* pinjamanCellStateController.swift */; };
		5E96325A26B425D50002CD56 /* StatusSuratEnum.swift in Sources */ = {isa = PBXBuildFile; fileRef = 5E96325926B425D50002CD56 /* StatusSuratEnum.swift */; };
		5E9C410C26BB8DBF002AECCC /* inputTextViewCell.swift in Sources */ = {isa = PBXBuildFile; fileRef = 5E9C410B26BB8DBF002AECCC /* inputTextViewCell.swift */; };
		5E9C410F26BB9C70002AECCC /* inputToModal.swift in Sources */ = {isa = PBXBuildFile; fileRef = 5E9C410E26BB9C70002AECCC /* inputToModal.swift */; };
		5E9C411226BBCDB7002AECCC /* perjanjianViewController.swift in Sources */ = {isa = PBXBuildFile; fileRef = 5E9C411126BBCDB7002AECCC /* perjanjianViewController.swift */; };
		5EBDDDC926B2E83900F53958 /* Legalin.xcdatamodeld in Sources */ = {isa = PBXBuildFile; fileRef = 5EBDDDC726B2E83900F53958 /* Legalin.xcdatamodeld */; };
		5EBDDDD426B3B69900F53958 /* CoreDataViewModel.swift in Sources */ = {isa = PBXBuildFile; fileRef = 5EBDDDD326B3B69900F53958 /* CoreDataViewModel.swift */; };
		5EBDDDD726B4170500F53958 /* TestCoreDataView.swift in Sources */ = {isa = PBXBuildFile; fileRef = 5EBDDDD626B4170500F53958 /* TestCoreDataView.swift */; };
		5EF3B05926BA46C200ABC1F7 /* step4Agunan.swift in Sources */ = {isa = PBXBuildFile; fileRef = 5EF3B05826BA46C200ABC1F7 /* step4Agunan.swift */; };
/* End PBXBuildFile section */

/* Begin PBXFileReference section */
		4AC4CA8926B25D1300340A00 /* Legalin.app */ = {isa = PBXFileReference; explicitFileType = wrapper.application; includeInIndex = 0; path = Legalin.app; sourceTree = BUILT_PRODUCTS_DIR; };
		4AC4CA8C26B25D1300340A00 /* LegalinApp.swift */ = {isa = PBXFileReference; lastKnownFileType = sourcecode.swift; path = LegalinApp.swift; sourceTree = "<group>"; };
		4AC4CA8E26B25D1300340A00 /* ContentView.swift */ = {isa = PBXFileReference; lastKnownFileType = sourcecode.swift; path = ContentView.swift; sourceTree = "<group>"; };
		4AC4CA9026B25D1300340A00 /* Assets.xcassets */ = {isa = PBXFileReference; lastKnownFileType = folder.assetcatalog; path = Assets.xcassets; sourceTree = "<group>"; };
		4AC4CA9326B25D1300340A00 /* Preview Assets.xcassets */ = {isa = PBXFileReference; lastKnownFileType = folder.assetcatalog; path = "Preview Assets.xcassets"; sourceTree = "<group>"; };
		4AC4CA9526B25D1300340A00 /* Info.plist */ = {isa = PBXFileReference; lastKnownFileType = text.plist.xml; path = Info.plist; sourceTree = "<group>"; };
		4AC4CAA126B25D6900340A00 /* CoreData.swift */ = {isa = PBXFileReference; lastKnownFileType = sourcecode.swift; path = CoreData.swift; sourceTree = "<group>"; };
		4AC4CAA526B25D7A00340A00 /* ViewModelExample.swift */ = {isa = PBXFileReference; lastKnownFileType = sourcecode.swift; path = ViewModelExample.swift; sourceTree = "<group>"; };
		4AC4CAA926B25D9100340A00 /* Fitur1.swift */ = {isa = PBXFileReference; lastKnownFileType = sourcecode.swift; path = Fitur1.swift; sourceTree = "<group>"; };
		4AC4CAAD26B25DA000340A00 /* Model.swift */ = {isa = PBXFileReference; lastKnownFileType = sourcecode.swift; path = Model.swift; sourceTree = "<group>"; };
		5E27EEF026BA56880090573F /* pageIndicator.swift */ = {isa = PBXFileReference; lastKnownFileType = sourcecode.swift; path = pageIndicator.swift; sourceTree = "<group>"; };
		5E27EEF426BA8ADA0090573F /* step1Peminjam.swift */ = {isa = PBXFileReference; lastKnownFileType = sourcecode.swift; path = step1Peminjam.swift; sourceTree = "<group>"; };
		5E27EEF726BA8B990090573F /* ButtonNext.swift */ = {isa = PBXFileReference; lastKnownFileType = sourcecode.swift; path = ButtonNext.swift; sourceTree = "<group>"; };
		5E27EEFA26BA8E3B0090573F /* step2Pemberi.swift */ = {isa = PBXFileReference; lastKnownFileType = sourcecode.swift; path = step2Pemberi.swift; sourceTree = "<group>"; };
		5E27EEFE26BA8E530090573F /* step3Detail.swift */ = {isa = PBXFileReference; lastKnownFileType = sourcecode.swift; path = step3Detail.swift; sourceTree = "<group>"; };
		5E35F36A26B801C30044D1FC /* ModalMetodePembayaran.swift */ = {isa = PBXFileReference; lastKnownFileType = sourcecode.swift; path = ModalMetodePembayaran.swift; sourceTree = "<group>"; };
		5E35F36D26B832F50044D1FC /* PinjamanCell.swift */ = {isa = PBXFileReference; lastKnownFileType = sourcecode.swift; path = PinjamanCell.swift; sourceTree = "<group>"; };
		5E35F37026B833F20044D1FC /* ModalTipeBarangAgunan.swift */ = {isa = PBXFileReference; lastKnownFileType = sourcecode.swift; path = ModalTipeBarangAgunan.swift; sourceTree = "<group>"; };
		5E35F37326B834CD0044D1FC /* ModalPengadilanNegeri.swift */ = {isa = PBXFileReference; lastKnownFileType = sourcecode.swift; path = ModalPengadilanNegeri.swift; sourceTree = "<group>"; };
		5E35F37626B83BDC0044D1FC /* regions.json */ = {isa = PBXFileReference; fileEncoding = 4; lastKnownFileType = text.json; path = regions.json; sourceTree = "<group>"; };
		5E35F37A26B83E2E0044D1FC /* RegionDataModel.swift */ = {isa = PBXFileReference; lastKnownFileType = sourcecode.swift; path = RegionDataModel.swift; sourceTree = "<group>"; };
		5E35F37E26B844450044D1FC /* ReadJsonData.swift */ = {isa = PBXFileReference; lastKnownFileType = sourcecode.swift; path = ReadJsonData.swift; sourceTree = "<group>"; };
		5E5D23FC26B985FF00FC356E /* pengadilanNegeriDetailViewController.swift */ = {isa = PBXFileReference; lastKnownFileType = sourcecode.swift; path = pengadilanNegeriDetailViewController.swift; sourceTree = "<group>"; };
		5E8578AC26B90BC30019FB61 /* ModalPengadilanNegeriDetail.swift */ = {isa = PBXFileReference; lastKnownFileType = sourcecode.swift; path = ModalPengadilanNegeriDetail.swift; sourceTree = "<group>"; };
		5E8578AF26B945480019FB61 /* pinjamanCellStateController.swift */ = {isa = PBXFileReference; lastKnownFileType = sourcecode.swift; path = pinjamanCellStateController.swift; sourceTree = "<group>"; };
		5E96325926B425D50002CD56 /* StatusSuratEnum.swift */ = {isa = PBXFileReference; lastKnownFileType = sourcecode.swift; path = StatusSuratEnum.swift; sourceTree = "<group>"; };
		5E9C410B26BB8DBF002AECCC /* inputTextViewCell.swift */ = {isa = PBXFileReference; lastKnownFileType = sourcecode.swift; path = inputTextViewCell.swift; sourceTree = "<group>"; };
		5E9C410E26BB9C70002AECCC /* inputToModal.swift */ = {isa = PBXFileReference; lastKnownFileType = sourcecode.swift; path = inputToModal.swift; sourceTree = "<group>"; };
		5E9C411126BBCDB7002AECCC /* perjanjianViewController.swift */ = {isa = PBXFileReference; lastKnownFileType = sourcecode.swift; path = perjanjianViewController.swift; sourceTree = "<group>"; };
		5EBDDDC826B2E83900F53958 /* Legalin.xcdatamodel */ = {isa = PBXFileReference; lastKnownFileType = wrapper.xcdatamodel; path = Legalin.xcdatamodel; sourceTree = "<group>"; };
		5EBDDDD326B3B69900F53958 /* CoreDataViewModel.swift */ = {isa = PBXFileReference; lastKnownFileType = sourcecode.swift; path = CoreDataViewModel.swift; sourceTree = "<group>"; };
		5EBDDDD626B4170500F53958 /* TestCoreDataView.swift */ = {isa = PBXFileReference; lastKnownFileType = sourcecode.swift; path = TestCoreDataView.swift; sourceTree = "<group>"; };
		5EF3B05826BA46C200ABC1F7 /* step4Agunan.swift */ = {isa = PBXFileReference; lastKnownFileType = sourcecode.swift; path = step4Agunan.swift; sourceTree = "<group>"; };
/* End PBXFileReference section */

/* Begin PBXFrameworksBuildPhase section */
		4AC4CA8626B25D1300340A00 /* Frameworks */ = {
			isa = PBXFrameworksBuildPhase;
			buildActionMask = 2147483647;
			files = (
			);
			runOnlyForDeploymentPostprocessing = 0;
		};
/* End PBXFrameworksBuildPhase section */

/* Begin PBXGroup section */
		4AC4CA8026B25D1300340A00 = {
			isa = PBXGroup;
			children = (
				4AC4CA8B26B25D1300340A00 /* Legalin */,
				4AC4CA8A26B25D1300340A00 /* Products */,
			);
			sourceTree = "<group>";
		};
		4AC4CA8A26B25D1300340A00 /* Products */ = {
			isa = PBXGroup;
			children = (
				4AC4CA8926B25D1300340A00 /* Legalin.app */,
			);
			name = Products;
			sourceTree = "<group>";
		};
		4AC4CA8B26B25D1300340A00 /* Legalin */ = {
			isa = PBXGroup;
			children = (
				4AC4CA9F26B25D5200340A00 /* Utilities */,
				4AC4CA9E26B25D4900340A00 /* ViewModels */,
				4AC4CA9D26B25D4400340A00 /* Views */,
				4AC4CA9C26B25D3B00340A00 /* Model */,
				4AC4CA8C26B25D1300340A00 /* LegalinApp.swift */,
				4AC4CA8E26B25D1300340A00 /* ContentView.swift */,
				4AC4CA9026B25D1300340A00 /* Assets.xcassets */,
				4AC4CA9526B25D1300340A00 /* Info.plist */,
				5EBDDDC726B2E83900F53958 /* Legalin.xcdatamodeld */,
				4AC4CA9226B25D1300340A00 /* Preview Content */,
			);
			path = Legalin;
			sourceTree = "<group>";
		};
		4AC4CA9226B25D1300340A00 /* Preview Content */ = {
			isa = PBXGroup;
			children = (
				4AC4CA9326B25D1300340A00 /* Preview Assets.xcassets */,
			);
			path = "Preview Content";
			sourceTree = "<group>";
		};
		4AC4CA9C26B25D3B00340A00 /* Model */ = {
			isa = PBXGroup;
			children = (
				4AC4CAAD26B25DA000340A00 /* Model.swift */,
				5E96325926B425D50002CD56 /* StatusSuratEnum.swift */,
				5E35F37A26B83E2E0044D1FC /* RegionDataModel.swift */,
			);
			path = Model;
			sourceTree = "<group>";
		};
		4AC4CA9D26B25D4400340A00 /* Views */ = {
			isa = PBXGroup;
			children = (
				5E35F36926B801820044D1FC /* Perjanjian */,
				5E7CC78626B7DB54004270E0 /* Test Core Data */,
				4AC4CAA826B25D8000340A00 /* Feature1 */,
			);
			path = Views;
			sourceTree = "<group>";
		};
		4AC4CA9E26B25D4900340A00 /* ViewModels */ = {
			isa = PBXGroup;
			children = (
				5E8578B326B950F80019FB61 /* Perjanjian */,
				4AC4CAA526B25D7A00340A00 /* ViewModelExample.swift */,
				5EBDDDD326B3B69900F53958 /* CoreDataViewModel.swift */,
			);
			path = ViewModels;
			sourceTree = "<group>";
		};
		4AC4CA9F26B25D5200340A00 /* Utilities */ = {
			isa = PBXGroup;
			children = (
				5E35F37D26B844310044D1FC /* Read JSON */,
				4AC4CAA026B25D5B00340A00 /* CoreData */,
			);
			path = Utilities;
			sourceTree = "<group>";
		};
		4AC4CAA026B25D5B00340A00 /* CoreData */ = {
			isa = PBXGroup;
			children = (
				4AC4CAA126B25D6900340A00 /* CoreData.swift */,
			);
			path = CoreData;
			sourceTree = "<group>";
		};
		4AC4CAA826B25D8000340A00 /* Feature1 */ = {
			isa = PBXGroup;
			children = (
				4AC4CAA926B25D9100340A00 /* Fitur1.swift */,
			);
			path = Feature1;
			sourceTree = "<group>";
		};
		5E35F36926B801820044D1FC /* Perjanjian */ = {
			isa = PBXGroup;
			children = (
				5EDA95FD26BA465F004BBBC4 /* Main Page */,
				5EDA95FB26BA4630004BBBC4 /* Modal */,
				5E8578B226B950E50019FB61 /* Reusable */,
			);
			path = Perjanjian;
			sourceTree = "<group>";
		};
		5E35F37D26B844310044D1FC /* Read JSON */ = {
			isa = PBXGroup;
			children = (
				5E35F37626B83BDC0044D1FC /* regions.json */,
				5E35F37E26B844450044D1FC /* ReadJsonData.swift */,
			);
			path = "Read JSON";
			sourceTree = "<group>";
		};
		5E7CC78626B7DB54004270E0 /* Test Core Data */ = {
			isa = PBXGroup;
			children = (
				5EBDDDD626B4170500F53958 /* TestCoreDataView.swift */,
			);
			path = "Test Core Data";
			sourceTree = "<group>";
		};
		5E8578B226B950E50019FB61 /* Reusable */ = {
			isa = PBXGroup;
			children = (
				5E35F36D26B832F50044D1FC /* PinjamanCell.swift */,
				5E27EEF026BA56880090573F /* pageIndicator.swift */,
				5E27EEF726BA8B990090573F /* ButtonNext.swift */,
				5E9C410B26BB8DBF002AECCC /* inputTextViewCell.swift */,
				5E9C410E26BB9C70002AECCC /* inputToModal.swift */,
			);
			path = Reusable;
			sourceTree = "<group>";
		};
		5E8578B326B950F80019FB61 /* Perjanjian */ = {
			isa = PBXGroup;
			children = (
				5E8578AF26B945480019FB61 /* pinjamanCellStateController.swift */,
				5E5D23FC26B985FF00FC356E /* pengadilanNegeriDetailViewController.swift */,
				5E9C411126BBCDB7002AECCC /* perjanjianViewController.swift */,
			);
			path = Perjanjian;
			sourceTree = "<group>";
		};
		5EDA95FB26BA4630004BBBC4 /* Modal */ = {
			isa = PBXGroup;
			children = (
				5E35F36A26B801C30044D1FC /* ModalMetodePembayaran.swift */,
				5E35F37026B833F20044D1FC /* ModalTipeBarangAgunan.swift */,
				5E35F37326B834CD0044D1FC /* ModalPengadilanNegeri.swift */,
				5E8578AC26B90BC30019FB61 /* ModalPengadilanNegeriDetail.swift */,
			);
			path = Modal;
			sourceTree = "<group>";
		};
		5EDA95FD26BA465F004BBBC4 /* Main Page */ = {
			isa = PBXGroup;
			children = (
				5E27EEF426BA8ADA0090573F /* step1Peminjam.swift */,
				5E27EEFA26BA8E3B0090573F /* step2Pemberi.swift */,
				5E27EEFE26BA8E530090573F /* step3Detail.swift */,
				5EF3B05826BA46C200ABC1F7 /* step4Agunan.swift */,
			);
			path = "Main Page";
			sourceTree = "<group>";
		};
/* End PBXGroup section */

/* Begin PBXNativeTarget section */
		4AC4CA8826B25D1300340A00 /* Legalin */ = {
			isa = PBXNativeTarget;
			buildConfigurationList = 4AC4CA9826B25D1300340A00 /* Build configuration list for PBXNativeTarget "Legalin" */;
			buildPhases = (
				4AC4CA8526B25D1300340A00 /* Sources */,
				4AC4CA8626B25D1300340A00 /* Frameworks */,
				4AC4CA8726B25D1300340A00 /* Resources */,
			);
			buildRules = (
			);
			dependencies = (
			);
			name = Legalin;
			productName = Legalin;
			productReference = 4AC4CA8926B25D1300340A00 /* Legalin.app */;
			productType = "com.apple.product-type.application";
		};
/* End PBXNativeTarget section */

/* Begin PBXProject section */
		4AC4CA8126B25D1300340A00 /* Project object */ = {
			isa = PBXProject;
			attributes = {
				LastSwiftUpdateCheck = 1240;
				LastUpgradeCheck = 1240;
				TargetAttributes = {
					4AC4CA8826B25D1300340A00 = {
						CreatedOnToolsVersion = 12.4;
					};
				};
			};
			buildConfigurationList = 4AC4CA8426B25D1300340A00 /* Build configuration list for PBXProject "Legalin" */;
			compatibilityVersion = "Xcode 9.3";
			developmentRegion = en;
			hasScannedForEncodings = 0;
			knownRegions = (
				en,
				Base,
			);
			mainGroup = 4AC4CA8026B25D1300340A00;
			productRefGroup = 4AC4CA8A26B25D1300340A00 /* Products */;
			projectDirPath = "";
			projectRoot = "";
			targets = (
				4AC4CA8826B25D1300340A00 /* Legalin */,
			);
		};
/* End PBXProject section */

/* Begin PBXResourcesBuildPhase section */
		4AC4CA8726B25D1300340A00 /* Resources */ = {
			isa = PBXResourcesBuildPhase;
			buildActionMask = 2147483647;
			files = (
				4AC4CA9426B25D1300340A00 /* Preview Assets.xcassets in Resources */,
				4AC4CA9126B25D1300340A00 /* Assets.xcassets in Resources */,
				5E35F37726B83BDC0044D1FC /* regions.json in Resources */,
			);
			runOnlyForDeploymentPostprocessing = 0;
		};
/* End PBXResourcesBuildPhase section */

/* Begin PBXSourcesBuildPhase section */
		4AC4CA8526B25D1300340A00 /* Sources */ = {
			isa = PBXSourcesBuildPhase;
			buildActionMask = 2147483647;
			files = (
				4AC4CA8F26B25D1300340A00 /* ContentView.swift in Sources */,
				4AC4CAAA26B25D9100340A00 /* Fitur1.swift in Sources */,
				5EF3B05926BA46C200ABC1F7 /* step4Agunan.swift in Sources */,
				5E35F37B26B83E2E0044D1FC /* RegionDataModel.swift in Sources */,
				5E96325A26B425D50002CD56 /* StatusSuratEnum.swift in Sources */,
				4AC4CAA626B25D7A00340A00 /* ViewModelExample.swift in Sources */,
				5E9C410C26BB8DBF002AECCC /* inputTextViewCell.swift in Sources */,
				4AC4CAAE26B25DA000340A00 /* Model.swift in Sources */,
				4AC4CAA226B25D6900340A00 /* CoreData.swift in Sources */,
				5EBDDDC926B2E83900F53958 /* Legalin.xcdatamodeld in Sources */,
				5EBDDDD726B4170500F53958 /* TestCoreDataView.swift in Sources */,
				5E27EEFF26BA8E530090573F /* step3Detail.swift in Sources */,
				5E5D23FD26B985FF00FC356E /* pengadilanNegeriDetailViewController.swift in Sources */,
				5E35F37426B834CD0044D1FC /* ModalPengadilanNegeri.swift in Sources */,
				5E9C410F26BB9C70002AECCC /* inputToModal.swift in Sources */,
				5E27EEF526BA8ADA0090573F /* step1Peminjam.swift in Sources */,
				5E27EEF126BA56880090573F /* pageIndicator.swift in Sources */,
				4AC4CA8D26B25D1300340A00 /* LegalinApp.swift in Sources */,
				5E27EEFB26BA8E3B0090573F /* step2Pemberi.swift in Sources */,
				5E27EEF826BA8B990090573F /* ButtonNext.swift in Sources */,
				5E35F37126B833F20044D1FC /* ModalTipeBarangAgunan.swift in Sources */,
				5E35F36B26B801C30044D1FC /* ModalMetodePembayaran.swift in Sources */,
				5E35F37F26B844450044D1FC /* ReadJsonData.swift in Sources */,
				5EBDDDD426B3B69900F53958 /* CoreDataViewModel.swift in Sources */,
				5E8578B026B945480019FB61 /* pinjamanCellStateController.swift in Sources */,
				5E35F36E26B832F50044D1FC /* PinjamanCell.swift in Sources */,
				5E9C411226BBCDB7002AECCC /* perjanjianViewController.swift in Sources */,
				5E8578AD26B90BC30019FB61 /* ModalPengadilanNegeriDetail.swift in Sources */,
			);
			runOnlyForDeploymentPostprocessing = 0;
		};
/* End PBXSourcesBuildPhase section */

/* Begin XCBuildConfiguration section */
		4AC4CA9626B25D1300340A00 /* Debug */ = {
			isa = XCBuildConfiguration;
			buildSettings = {
				ALWAYS_SEARCH_USER_PATHS = NO;
				CLANG_ANALYZER_NONNULL = YES;
				CLANG_ANALYZER_NUMBER_OBJECT_CONVERSION = YES_AGGRESSIVE;
				CLANG_CXX_LANGUAGE_STANDARD = "gnu++14";
				CLANG_CXX_LIBRARY = "libc++";
				CLANG_ENABLE_MODULES = YES;
				CLANG_ENABLE_OBJC_ARC = YES;
				CLANG_ENABLE_OBJC_WEAK = YES;
				CLANG_WARN_BLOCK_CAPTURE_AUTORELEASING = YES;
				CLANG_WARN_BOOL_CONVERSION = YES;
				CLANG_WARN_COMMA = YES;
				CLANG_WARN_CONSTANT_CONVERSION = YES;
				CLANG_WARN_DEPRECATED_OBJC_IMPLEMENTATIONS = YES;
				CLANG_WARN_DIRECT_OBJC_ISA_USAGE = YES_ERROR;
				CLANG_WARN_DOCUMENTATION_COMMENTS = YES;
				CLANG_WARN_EMPTY_BODY = YES;
				CLANG_WARN_ENUM_CONVERSION = YES;
				CLANG_WARN_INFINITE_RECURSION = YES;
				CLANG_WARN_INT_CONVERSION = YES;
				CLANG_WARN_NON_LITERAL_NULL_CONVERSION = YES;
				CLANG_WARN_OBJC_IMPLICIT_RETAIN_SELF = YES;
				CLANG_WARN_OBJC_LITERAL_CONVERSION = YES;
				CLANG_WARN_OBJC_ROOT_CLASS = YES_ERROR;
				CLANG_WARN_QUOTED_INCLUDE_IN_FRAMEWORK_HEADER = YES;
				CLANG_WARN_RANGE_LOOP_ANALYSIS = YES;
				CLANG_WARN_STRICT_PROTOTYPES = YES;
				CLANG_WARN_SUSPICIOUS_MOVE = YES;
				CLANG_WARN_UNGUARDED_AVAILABILITY = YES_AGGRESSIVE;
				CLANG_WARN_UNREACHABLE_CODE = YES;
				CLANG_WARN__DUPLICATE_METHOD_MATCH = YES;
				COPY_PHASE_STRIP = NO;
				DEBUG_INFORMATION_FORMAT = dwarf;
				ENABLE_STRICT_OBJC_MSGSEND = YES;
				ENABLE_TESTABILITY = YES;
				GCC_C_LANGUAGE_STANDARD = gnu11;
				GCC_DYNAMIC_NO_PIC = NO;
				GCC_NO_COMMON_BLOCKS = YES;
				GCC_OPTIMIZATION_LEVEL = 0;
				GCC_PREPROCESSOR_DEFINITIONS = (
					"DEBUG=1",
					"$(inherited)",
				);
				GCC_WARN_64_TO_32_BIT_CONVERSION = YES;
				GCC_WARN_ABOUT_RETURN_TYPE = YES_ERROR;
				GCC_WARN_UNDECLARED_SELECTOR = YES;
				GCC_WARN_UNINITIALIZED_AUTOS = YES_AGGRESSIVE;
				GCC_WARN_UNUSED_FUNCTION = YES;
				GCC_WARN_UNUSED_VARIABLE = YES;
				IPHONEOS_DEPLOYMENT_TARGET = 14.4;
				MTL_ENABLE_DEBUG_INFO = INCLUDE_SOURCE;
				MTL_FAST_MATH = YES;
				ONLY_ACTIVE_ARCH = YES;
				SDKROOT = iphoneos;
				SWIFT_ACTIVE_COMPILATION_CONDITIONS = DEBUG;
				SWIFT_OPTIMIZATION_LEVEL = "-Onone";
			};
			name = Debug;
		};
		4AC4CA9726B25D1300340A00 /* Release */ = {
			isa = XCBuildConfiguration;
			buildSettings = {
				ALWAYS_SEARCH_USER_PATHS = NO;
				CLANG_ANALYZER_NONNULL = YES;
				CLANG_ANALYZER_NUMBER_OBJECT_CONVERSION = YES_AGGRESSIVE;
				CLANG_CXX_LANGUAGE_STANDARD = "gnu++14";
				CLANG_CXX_LIBRARY = "libc++";
				CLANG_ENABLE_MODULES = YES;
				CLANG_ENABLE_OBJC_ARC = YES;
				CLANG_ENABLE_OBJC_WEAK = YES;
				CLANG_WARN_BLOCK_CAPTURE_AUTORELEASING = YES;
				CLANG_WARN_BOOL_CONVERSION = YES;
				CLANG_WARN_COMMA = YES;
				CLANG_WARN_CONSTANT_CONVERSION = YES;
				CLANG_WARN_DEPRECATED_OBJC_IMPLEMENTATIONS = YES;
				CLANG_WARN_DIRECT_OBJC_ISA_USAGE = YES_ERROR;
				CLANG_WARN_DOCUMENTATION_COMMENTS = YES;
				CLANG_WARN_EMPTY_BODY = YES;
				CLANG_WARN_ENUM_CONVERSION = YES;
				CLANG_WARN_INFINITE_RECURSION = YES;
				CLANG_WARN_INT_CONVERSION = YES;
				CLANG_WARN_NON_LITERAL_NULL_CONVERSION = YES;
				CLANG_WARN_OBJC_IMPLICIT_RETAIN_SELF = YES;
				CLANG_WARN_OBJC_LITERAL_CONVERSION = YES;
				CLANG_WARN_OBJC_ROOT_CLASS = YES_ERROR;
				CLANG_WARN_QUOTED_INCLUDE_IN_FRAMEWORK_HEADER = YES;
				CLANG_WARN_RANGE_LOOP_ANALYSIS = YES;
				CLANG_WARN_STRICT_PROTOTYPES = YES;
				CLANG_WARN_SUSPICIOUS_MOVE = YES;
				CLANG_WARN_UNGUARDED_AVAILABILITY = YES_AGGRESSIVE;
				CLANG_WARN_UNREACHABLE_CODE = YES;
				CLANG_WARN__DUPLICATE_METHOD_MATCH = YES;
				COPY_PHASE_STRIP = NO;
				DEBUG_INFORMATION_FORMAT = "dwarf-with-dsym";
				ENABLE_NS_ASSERTIONS = NO;
				ENABLE_STRICT_OBJC_MSGSEND = YES;
				GCC_C_LANGUAGE_STANDARD = gnu11;
				GCC_NO_COMMON_BLOCKS = YES;
				GCC_WARN_64_TO_32_BIT_CONVERSION = YES;
				GCC_WARN_ABOUT_RETURN_TYPE = YES_ERROR;
				GCC_WARN_UNDECLARED_SELECTOR = YES;
				GCC_WARN_UNINITIALIZED_AUTOS = YES_AGGRESSIVE;
				GCC_WARN_UNUSED_FUNCTION = YES;
				GCC_WARN_UNUSED_VARIABLE = YES;
				IPHONEOS_DEPLOYMENT_TARGET = 14.4;
				MTL_ENABLE_DEBUG_INFO = NO;
				MTL_FAST_MATH = YES;
				SDKROOT = iphoneos;
				SWIFT_COMPILATION_MODE = wholemodule;
				SWIFT_OPTIMIZATION_LEVEL = "-O";
				VALIDATE_PRODUCT = YES;
			};
			name = Release;
		};
		4AC4CA9926B25D1300340A00 /* Debug */ = {
			isa = XCBuildConfiguration;
			buildSettings = {
				ASSETCATALOG_COMPILER_APPICON_NAME = AppIcon;
				ASSETCATALOG_COMPILER_GLOBAL_ACCENT_COLOR_NAME = AccentColor;
				CODE_SIGN_STYLE = Automatic;
				DEVELOPMENT_ASSET_PATHS = "\"Legalin/Preview Content\"";
				ENABLE_PREVIEWS = YES;
				INFOPLIST_FILE = Legalin/Info.plist;
				IPHONEOS_DEPLOYMENT_TARGET = 14.0;
				LD_RUNPATH_SEARCH_PATHS = (
					"$(inherited)",
					"@executable_path/Frameworks",
				);
				PRODUCT_BUNDLE_IDENTIFIER = com.tolitoli.Legalin;
				PRODUCT_NAME = "$(TARGET_NAME)";
				SWIFT_VERSION = 5.0;
				TARGETED_DEVICE_FAMILY = "1,2";
			};
			name = Debug;
		};
		4AC4CA9A26B25D1300340A00 /* Release */ = {
			isa = XCBuildConfiguration;
			buildSettings = {
				ASSETCATALOG_COMPILER_APPICON_NAME = AppIcon;
				ASSETCATALOG_COMPILER_GLOBAL_ACCENT_COLOR_NAME = AccentColor;
				CODE_SIGN_STYLE = Automatic;
				DEVELOPMENT_ASSET_PATHS = "\"Legalin/Preview Content\"";
				ENABLE_PREVIEWS = YES;
				INFOPLIST_FILE = Legalin/Info.plist;
				IPHONEOS_DEPLOYMENT_TARGET = 14.0;
				LD_RUNPATH_SEARCH_PATHS = (
					"$(inherited)",
					"@executable_path/Frameworks",
				);
				PRODUCT_BUNDLE_IDENTIFIER = com.tolitoli.Legalin;
				PRODUCT_NAME = "$(TARGET_NAME)";
				SWIFT_VERSION = 5.0;
				TARGETED_DEVICE_FAMILY = "1,2";
			};
			name = Release;
		};
/* End XCBuildConfiguration section */

/* Begin XCConfigurationList section */
		4AC4CA8426B25D1300340A00 /* Build configuration list for PBXProject "Legalin" */ = {
			isa = XCConfigurationList;
			buildConfigurations = (
				4AC4CA9626B25D1300340A00 /* Debug */,
				4AC4CA9726B25D1300340A00 /* Release */,
			);
			defaultConfigurationIsVisible = 0;
			defaultConfigurationName = Release;
		};
		4AC4CA9826B25D1300340A00 /* Build configuration list for PBXNativeTarget "Legalin" */ = {
			isa = XCConfigurationList;
			buildConfigurations = (
				4AC4CA9926B25D1300340A00 /* Debug */,
				4AC4CA9A26B25D1300340A00 /* Release */,
			);
			defaultConfigurationIsVisible = 0;
			defaultConfigurationName = Release;
		};
/* End XCConfigurationList section */

/* Begin XCVersionGroup section */
		5EBDDDC726B2E83900F53958 /* Legalin.xcdatamodeld */ = {
			isa = XCVersionGroup;
			children = (
				5EBDDDC826B2E83900F53958 /* Legalin.xcdatamodel */,
			);
			currentVersion = 5EBDDDC826B2E83900F53958 /* Legalin.xcdatamodel */;
			path = Legalin.xcdatamodeld;
			sourceTree = "<group>";
			versionGroupType = wrapper.xcdatamodel;
		};
/* End XCVersionGroup section */
	};
	rootObject = 4AC4CA8126B25D1300340A00 /* Project object */;
}
